// !$*UTF8*$!
{
	archiveVersion = 1;
	classes = {
	};
	objectVersion = 46;
	objects = {

/* Begin PBXBuildFile section */
		A012BD981C7D8D7000E5061D /* GameColor.swift in Sources */ = {isa = PBXBuildFile; fileRef = A012BD971C7D8D7000E5061D /* GameColor.swift */; };
		A018A2831C7D4263004FF1B2 /* Player.swift in Sources */ = {isa = PBXBuildFile; fileRef = A018A2821C7D4263004FF1B2 /* Player.swift */; };
		A01D3BB31C9939AD008CAB60 /* BGSunshineParticle.sks in Resources */ = {isa = PBXBuildFile; fileRef = A01D3BB21C9939AD008CAB60 /* BGSunshineParticle.sks */; };
		A01D3BB81C994BEA008CAB60 /* BGSpriteTextureAlats.1.png in Resources */ = {isa = PBXBuildFile; fileRef = A01D3BB51C994BEA008CAB60 /* BGSpriteTextureAlats.1.png */; };
		A01D3BB91C994BEA008CAB60 /* BGSpriteTextureAlats.plist in Resources */ = {isa = PBXBuildFile; fileRef = A01D3BB61C994BEA008CAB60 /* BGSpriteTextureAlats.plist */; };
		A01D3BBA1C994BEA008CAB60 /* BGSpriteTextureAltas.swift in Sources */ = {isa = PBXBuildFile; fileRef = A01D3BB71C994BEA008CAB60 /* BGSpriteTextureAltas.swift */; };
		A02F47741C8D215B00919797 /* SKNode+Extensions.swift in Sources */ = {isa = PBXBuildFile; fileRef = A02F47731C8D215B00919797 /* SKNode+Extensions.swift */; };
		A02F477A1C8D2C2400919797 /* LeaderBoardViewController.swift in Sources */ = {isa = PBXBuildFile; fileRef = A02F47791C8D2C2400919797 /* LeaderBoardViewController.swift */; };
		A03496EA1C818B600033D1A9 /* eagleSound.mp3 in Resources */ = {isa = PBXBuildFile; fileRef = A03496E91C818B600033D1A9 /* eagleSound.mp3 */; };
		A03496EC1C818CE50033D1A9 /* chicken.mp3 in Resources */ = {isa = PBXBuildFile; fileRef = A03496EB1C818CE50033D1A9 /* chicken.mp3 */; };
		A04522271C9A60CE006147A9 /* GameData.swift in Sources */ = {isa = PBXBuildFile; fileRef = A04522261C9A60CE006147A9 /* GameData.swift */; };
		A04AC73F1C856CF70027A83E /* UIKit.framework in Frameworks */ = {isa = PBXBuildFile; fileRef = A04AC73E1C856CF70027A83E /* UIKit.framework */; };
		A04AC7411C856D1A0027A83E /* CoreGraphics.framework in Frameworks */ = {isa = PBXBuildFile; fileRef = A04AC7401C856D1A0027A83E /* CoreGraphics.framework */; };
		A05486A61C86BDD9001EB526 /* GameplayKit.framework in Frameworks */ = {isa = PBXBuildFile; fileRef = A05486A51C86BDD9001EB526 /* GameplayKit.framework */; };
		A059B3911CA1227B00EC679B /* independent.sks in Resources */ = {isa = PBXBuildFile; fileRef = A059B3901CA1227B00EC679B /* independent.sks */; };
		A05D694E1CA15EAF00E10961 /* Launch Screen.storyboard in Resources */ = {isa = PBXBuildFile; fileRef = A05D694D1CA15EAF00E10961 /* Launch Screen.storyboard */; };
		A06C471C1C9D905700815FC6 /* thunderSound.mp3 in Resources */ = {isa = PBXBuildFile; fileRef = A06C471B1C9D905700815FC6 /* thunderSound.mp3 */; };
		A075941C1C7AECBB005FF82F /* Assets.xcassets in Resources */ = {isa = PBXBuildFile; fileRef = A075941B1C7AECBB005FF82F /* Assets.xcassets */; };
		A07594271C7AECFC005FF82F /* Main.storyboard in Resources */ = {isa = PBXBuildFile; fileRef = A07594261C7AECFC005FF82F /* Main.storyboard */; };
		A075942C1C7AED47005FF82F /* AppDelegate.swift in Sources */ = {isa = PBXBuildFile; fileRef = A075942B1C7AED47005FF82F /* AppDelegate.swift */; };
		A075942E1C7AEE03005FF82F /* GameViewController.swift in Sources */ = {isa = PBXBuildFile; fileRef = A075942D1C7AEE03005FF82F /* GameViewController.swift */; };
		A07594301C7AEE0C005FF82F /* GameScene.swift in Sources */ = {isa = PBXBuildFile; fileRef = A075942F1C7AEE0C005FF82F /* GameScene.swift */; };
		A07594321C7AEE19005FF82F /* Shake.swift in Sources */ = {isa = PBXBuildFile; fileRef = A07594311C7AEE19005FF82F /* Shake.swift */; };
		A07594341C7AEE21005FF82F /* CharactersUIViewController.swift in Sources */ = {isa = PBXBuildFile; fileRef = A07594331C7AEE21005FF82F /* CharactersUIViewController.swift */; };
		A07594361C7AEE28005FF82F /* SettingsViewController.swift in Sources */ = {isa = PBXBuildFile; fileRef = A07594351C7AEE28005FF82F /* SettingsViewController.swift */; };
		A07594381C7AEE2F005FF82F /* GamePauseUIViewController.swift in Sources */ = {isa = PBXBuildFile; fileRef = A07594371C7AEE2F005FF82F /* GamePauseUIViewController.swift */; };
		A075943D1C7AEE59005FF82F /* Long_Section.sks in Resources */ = {isa = PBXBuildFile; fileRef = A075943C1C7AEE59005FF82F /* Long_Section.sks */; };
		A07594451C7AEE80005FF82F /* Door_Section.sks in Resources */ = {isa = PBXBuildFile; fileRef = A07594441C7AEE80005FF82F /* Door_Section.sks */; };
		A07594471C7AEE88005FF82F /* Down_Section.sks in Resources */ = {isa = PBXBuildFile; fileRef = A07594461C7AEE88005FF82F /* Down_Section.sks */; };
		A075944F1C7AEEAE005FF82F /* BridgeMovingInX_Section.sks in Resources */ = {isa = PBXBuildFile; fileRef = A075944E1C7AEEAE005FF82F /* BridgeMovingInX_Section.sks */; };
		A07594511C7AEEB7005FF82F /* BridgeMovingInY_Section.sks in Resources */ = {isa = PBXBuildFile; fileRef = A07594501C7AEEB7005FF82F /* BridgeMovingInY_Section.sks */; };
		A07594531C7AEEC8005FF82F /* Spring_Section.sks in Resources */ = {isa = PBXBuildFile; fileRef = A07594521C7AEEC8005FF82F /* Spring_Section.sks */; };
		A07594551C7AEEE3005FF82F /* GameSpriteNode.swift in Sources */ = {isa = PBXBuildFile; fileRef = A07594541C7AEEE3005FF82F /* GameSpriteNode.swift */; };
		A07594571C7AEF03005FF82F /* Definition.swift in Sources */ = {isa = PBXBuildFile; fileRef = A07594561C7AEF03005FF82F /* Definition.swift */; };
		A07594591C7AEF0A005FF82F /* GameState.swift in Sources */ = {isa = PBXBuildFile; fileRef = A07594581C7AEF0A005FF82F /* GameState.swift */; };
		A07594751C7AEF43005FF82F /* bg_country.mp3 in Resources */ = {isa = PBXBuildFile; fileRef = A075945C1C7AEF43005FF82F /* bg_country.mp3 */; };
		A07594771C7AEF43005FF82F /* buttonTouchSound.mp3 in Resources */ = {isa = PBXBuildFile; fileRef = A075945E1C7AEF43005FF82F /* buttonTouchSound.mp3 */; };
		A07594781C7AEF43005FF82F /* catch_star02.mp3 in Resources */ = {isa = PBXBuildFile; fileRef = A075945F1C7AEF43005FF82F /* catch_star02.mp3 */; };
		A075947A1C7AEF43005FF82F /* dieSound.mp3 in Resources */ = {isa = PBXBuildFile; fileRef = A07594611C7AEF43005FF82F /* dieSound.mp3 */; };
		A075947C1C7AEF43005FF82F /* inGame_action_jump.mp3 in Resources */ = {isa = PBXBuildFile; fileRef = A07594631C7AEF43005FF82F /* inGame_action_jump.mp3 */; };
		A07594821C7AEF43005FF82F /* inGame_event_deathMonster_1.mp3 in Resources */ = {isa = PBXBuildFile; fileRef = A07594691C7AEF43005FF82F /* inGame_event_deathMonster_1.mp3 */; };
		A07594831C7AEF43005FF82F /* inGame_event_relayReach.mp3 in Resources */ = {isa = PBXBuildFile; fileRef = A075946A1C7AEF43005FF82F /* inGame_event_relayReach.mp3 */; };
		A07594841C7AEF43005FF82F /* inGame_function_star.mp3 in Resources */ = {isa = PBXBuildFile; fileRef = A075946B1C7AEF43005FF82F /* inGame_function_star.mp3 */; };
		A07594861C7AEF43005FF82F /* luoshui.mp3 in Resources */ = {isa = PBXBuildFile; fileRef = A075946D1C7AEF43005FF82F /* luoshui.mp3 */; };
		A07594881C7AEF43005FF82F /* RainSound.mp3 in Resources */ = {isa = PBXBuildFile; fileRef = A075946F1C7AEF43005FF82F /* RainSound.mp3 */; };
		A075948A1C7AEF43005FF82F /* springSound.mp3 in Resources */ = {isa = PBXBuildFile; fileRef = A07594711C7AEF43005FF82F /* springSound.mp3 */; };
		A07594A01C7AEFC0005FF82F /* PlatfromTextureAlats.swift in Sources */ = {isa = PBXBuildFile; fileRef = A075949F1C7AEFC0005FF82F /* PlatfromTextureAlats.swift */; };
		A07594A91C7AEFD3005FF82F /* PlatfromTextureAlats.1.png in Resources */ = {isa = PBXBuildFile; fileRef = A07594A71C7AEFD3005FF82F /* PlatfromTextureAlats.1.png */; };
		A07594AA1C7AEFD3005FF82F /* PlatfromTextureAlats.plist in Resources */ = {isa = PBXBuildFile; fileRef = A07594A81C7AEFD3005FF82F /* PlatfromTextureAlats.plist */; };
		A07594AD1C7AEFE9005FF82F /* star.png in Resources */ = {isa = PBXBuildFile; fileRef = A07594AC1C7AEFE9005FF82F /* star.png */; };
		A07594AF1C7AEFF2005FF82F /* pixe.png in Resources */ = {isa = PBXBuildFile; fileRef = A07594AE1C7AEFF2005FF82F /* pixe.png */; };
		A07594B11C7AEFF9005FF82F /* Bomb.sks in Resources */ = {isa = PBXBuildFile; fileRef = A07594B01C7AEFF9005FF82F /* Bomb.sks */; };
		A07594B31C7AF000005FF82F /* Bow.sks in Resources */ = {isa = PBXBuildFile; fileRef = A07594B21C7AF000005FF82F /* Bow.sks */; };
		A07594B51C7AF00E005FF82F /* Meteor.sks in Resources */ = {isa = PBXBuildFile; fileRef = A07594B41C7AF00E005FF82F /* Meteor.sks */; };
		A07594B71C7AF014005FF82F /* playerMagic.sks in Resources */ = {isa = PBXBuildFile; fileRef = A07594B61C7AF014005FF82F /* playerMagic.sks */; };
		A07594B91C7AF01D005FF82F /* Rain.sks in Resources */ = {isa = PBXBuildFile; fileRef = A07594B81C7AF01D005FF82F /* Rain.sks */; };
		A07594BB1C7AF037005FF82F /* Snow.sks in Resources */ = {isa = PBXBuildFile; fileRef = A07594BA1C7AF037005FF82F /* Snow.sks */; };
		A07594BD1C7AF04E005FF82F /* Sparky.sks in Resources */ = {isa = PBXBuildFile; fileRef = A07594BC1C7AF04E005FF82F /* Sparky.sks */; };
		A07594C51C7AF094005FF82F /* MyUtils.swift in Sources */ = {isa = PBXBuildFile; fileRef = A07594BF1C7AF094005FF82F /* MyUtils.swift */; };
		A07594C61C7AF094005FF82F /* SKAction+Extensions.swift in Sources */ = {isa = PBXBuildFile; fileRef = A07594C01C7AF094005FF82F /* SKAction+Extensions.swift */; };
		A07594C71C7AF094005FF82F /* SKColor+Extensions.swift in Sources */ = {isa = PBXBuildFile; fileRef = A07594C11C7AF094005FF82F /* SKColor+Extensions.swift */; };
		A07594C81C7AF094005FF82F /* SKEmitterNode+Extras.swift in Sources */ = {isa = PBXBuildFile; fileRef = A07594C21C7AF094005FF82F /* SKEmitterNode+Extras.swift */; };
		A07594C91C7AF094005FF82F /* SKTAudio.swift in Sources */ = {isa = PBXBuildFile; fileRef = A07594C31C7AF094005FF82F /* SKTAudio.swift */; };
		A07594CD1C7AF0B2005FF82F /* PeekPagedViewController.swift in Sources */ = {isa = PBXBuildFile; fileRef = A07594CC1C7AF0B2005FF82F /* PeekPagedViewController.swift */; };
		A07594D81C7AF0E9005FF82F /* EasyGameCenter.swift in Sources */ = {isa = PBXBuildFile; fileRef = A07594D71C7AF0E9005FF82F /* EasyGameCenter.swift */; };
		A07594DA1C7AF14D005FF82F /* GameKit.framework in Frameworks */ = {isa = PBXBuildFile; fileRef = A07594D91C7AF14D005FF82F /* GameKit.framework */; };
		A076A2F81C8FBA8300250432 /* UnityAds.bundle in Resources */ = {isa = PBXBuildFile; fileRef = A076A2F61C8FBA8300250432 /* UnityAds.bundle */; };
		A076A2F91C8FBA8300250432 /* UnityAds.framework in Frameworks */ = {isa = PBXBuildFile; fileRef = A076A2F71C8FBA8300250432 /* UnityAds.framework */; };
		A076A2FB1C8FBAED00250432 /* StoreKit.framework in Frameworks */ = {isa = PBXBuildFile; fileRef = A076A2FA1C8FBAED00250432 /* StoreKit.framework */; };
		A076A2FD1C8FBAFD00250432 /* AdSupport.framework in Frameworks */ = {isa = PBXBuildFile; fileRef = A076A2FC1C8FBAFD00250432 /* AdSupport.framework */; };
		A076A2FF1C8FBB1900250432 /* CoreTelephony.framework in Frameworks */ = {isa = PBXBuildFile; fileRef = A076A2FE1C8FBB1900250432 /* CoreTelephony.framework */; };
		A0B313C31C881D8700E0F164 /* spark.png in Resources */ = {isa = PBXBuildFile; fileRef = A0B313C11C881D8700E0F164 /* spark.png */; };
		A0BB7C011C93D69E00B37A96 /* BannerViewController.swift in Sources */ = {isa = PBXBuildFile; fileRef = A0BB7BFD1C93D69E00B37A96 /* BannerViewController.swift */; };
		A0BB7C021C93D69E00B37A96 /* InterstitialViewController.swift in Sources */ = {isa = PBXBuildFile; fileRef = A0BB7BFE1C93D69E00B37A96 /* InterstitialViewController.swift */; };
		A0BB7C031C93D69E00B37A96 /* MediumRectViewController.swift in Sources */ = {isa = PBXBuildFile; fileRef = A0BB7BFF1C93D69E00B37A96 /* MediumRectViewController.swift */; };
		A0BB7C051C93D8A100B37A96 /* iAd.framework in Frameworks */ = {isa = PBXBuildFile; fileRef = A07594DB1C7AF153005FF82F /* iAd.framework */; };
		A0CBF0B61C9EF0C40081B615 /* README in Resources */ = {isa = PBXBuildFile; fileRef = A0CBF0B51C9EF0C40081B615 /* README */; };
		A0FFDDCE1C7C0B1E0014B59D /* GameScene.sks in Resources */ = {isa = PBXBuildFile; fileRef = A0FFDDCD1C7C0B1E0014B59D /* GameScene.sks */; };
/* End PBXBuildFile section */

/* Begin PBXFileReference section */
		A012BD971C7D8D7000E5061D /* GameColor.swift */ = {isa = PBXFileReference; fileEncoding = 4; lastKnownFileType = sourcecode.swift; path = GameColor.swift; sourceTree = "<group>"; };
		A018A2821C7D4263004FF1B2 /* Player.swift */ = {isa = PBXFileReference; fileEncoding = 4; lastKnownFileType = sourcecode.swift; path = Player.swift; sourceTree = "<group>"; };
		A01D3BB21C9939AD008CAB60 /* BGSunshineParticle.sks */ = {isa = PBXFileReference; lastKnownFileType = file.sks; path = BGSunshineParticle.sks; sourceTree = "<group>"; };
		A01D3BB51C994BEA008CAB60 /* BGSpriteTextureAlats.1.png */ = {isa = PBXFileReference; lastKnownFileType = image.png; path = BGSpriteTextureAlats.1.png; sourceTree = "<group>"; };
		A01D3BB61C994BEA008CAB60 /* BGSpriteTextureAlats.plist */ = {isa = PBXFileReference; fileEncoding = 4; lastKnownFileType = text.plist.xml; path = BGSpriteTextureAlats.plist; sourceTree = "<group>"; };
		A01D3BB71C994BEA008CAB60 /* BGSpriteTextureAltas.swift */ = {isa = PBXFileReference; fileEncoding = 4; lastKnownFileType = sourcecode.swift; name = BGSpriteTextureAltas.swift; path = ../BGSpriteTextureAltas.swift; sourceTree = "<group>"; };
		A02F47731C8D215B00919797 /* SKNode+Extensions.swift */ = {isa = PBXFileReference; fileEncoding = 4; lastKnownFileType = sourcecode.swift; path = "SKNode+Extensions.swift"; sourceTree = "<group>"; };
		A02F47791C8D2C2400919797 /* LeaderBoardViewController.swift */ = {isa = PBXFileReference; fileEncoding = 4; lastKnownFileType = sourcecode.swift; path = LeaderBoardViewController.swift; sourceTree = "<group>"; };
		A03496E91C818B600033D1A9 /* eagleSound.mp3 */ = {isa = PBXFileReference; lastKnownFileType = audio.mp3; path = eagleSound.mp3; sourceTree = "<group>"; };
		A03496EB1C818CE50033D1A9 /* chicken.mp3 */ = {isa = PBXFileReference; lastKnownFileType = audio.mp3; path = chicken.mp3; sourceTree = "<group>"; };
		A04522261C9A60CE006147A9 /* GameData.swift */ = {isa = PBXFileReference; fileEncoding = 4; lastKnownFileType = sourcecode.swift; path = GameData.swift; sourceTree = "<group>"; };
		A04AC73E1C856CF70027A83E /* UIKit.framework */ = {isa = PBXFileReference; lastKnownFileType = wrapper.framework; name = UIKit.framework; path = System/Library/Frameworks/UIKit.framework; sourceTree = SDKROOT; };
		A04AC7401C856D1A0027A83E /* CoreGraphics.framework */ = {isa = PBXFileReference; lastKnownFileType = wrapper.framework; name = CoreGraphics.framework; path = System/Library/Frameworks/CoreGraphics.framework; sourceTree = SDKROOT; };
		A05486A51C86BDD9001EB526 /* GameplayKit.framework */ = {isa = PBXFileReference; lastKnownFileType = wrapper.framework; name = GameplayKit.framework; path = System/Library/Frameworks/GameplayKit.framework; sourceTree = SDKROOT; };
		A059B3901CA1227B00EC679B /* independent.sks */ = {isa = PBXFileReference; lastKnownFileType = file.sks; path = independent.sks; sourceTree = "<group>"; };
		A05D694D1CA15EAF00E10961 /* Launch Screen.storyboard */ = {isa = PBXFileReference; fileEncoding = 4; lastKnownFileType = file.storyboard; path = "Launch Screen.storyboard"; sourceTree = "<group>"; };
		A06C471B1C9D905700815FC6 /* thunderSound.mp3 */ = {isa = PBXFileReference; lastKnownFileType = audio.mp3; path = thunderSound.mp3; sourceTree = "<group>"; };
		A075940D1C7AECBB005FF82F /* ChickenJump.app */ = {isa = PBXFileReference; explicitFileType = wrapper.application; includeInIndex = 0; path = ChickenJump.app; sourceTree = BUILT_PRODUCTS_DIR; };
		A075941B1C7AECBB005FF82F /* Assets.xcassets */ = {isa = PBXFileReference; lastKnownFileType = folder.assetcatalog; path = Assets.xcassets; sourceTree = "<group>"; };
		A07594201C7AECBB005FF82F /* Info.plist */ = {isa = PBXFileReference; lastKnownFileType = text.plist.xml; path = Info.plist; sourceTree = "<group>"; };
		A07594261C7AECFC005FF82F /* Main.storyboard */ = {isa = PBXFileReference; fileEncoding = 4; lastKnownFileType = file.storyboard; path = Main.storyboard; sourceTree = "<group>"; };
		A075942A1C7AED47005FF82F /* ChickenJump-Bridging-Header.h */ = {isa = PBXFileReference; lastKnownFileType = sourcecode.c.h; path = "ChickenJump-Bridging-Header.h"; sourceTree = "<group>"; };
		A075942B1C7AED47005FF82F /* AppDelegate.swift */ = {isa = PBXFileReference; fileEncoding = 4; lastKnownFileType = sourcecode.swift; path = AppDelegate.swift; sourceTree = "<group>"; };
		A075942D1C7AEE03005FF82F /* GameViewController.swift */ = {isa = PBXFileReference; fileEncoding = 4; lastKnownFileType = sourcecode.swift; path = GameViewController.swift; sourceTree = "<group>"; };
		A075942F1C7AEE0C005FF82F /* GameScene.swift */ = {isa = PBXFileReference; fileEncoding = 4; lastKnownFileType = sourcecode.swift; path = GameScene.swift; sourceTree = "<group>"; };
		A07594311C7AEE19005FF82F /* Shake.swift */ = {isa = PBXFileReference; fileEncoding = 4; lastKnownFileType = sourcecode.swift; path = Shake.swift; sourceTree = "<group>"; };
		A07594331C7AEE21005FF82F /* CharactersUIViewController.swift */ = {isa = PBXFileReference; fileEncoding = 4; lastKnownFileType = sourcecode.swift; path = CharactersUIViewController.swift; sourceTree = "<group>"; };
		A07594351C7AEE28005FF82F /* SettingsViewController.swift */ = {isa = PBXFileReference; fileEncoding = 4; lastKnownFileType = sourcecode.swift; path = SettingsViewController.swift; sourceTree = "<group>"; };
		A07594371C7AEE2F005FF82F /* GamePauseUIViewController.swift */ = {isa = PBXFileReference; fileEncoding = 4; lastKnownFileType = sourcecode.swift; path = GamePauseUIViewController.swift; sourceTree = "<group>"; };
		A075943C1C7AEE59005FF82F /* Long_Section.sks */ = {isa = PBXFileReference; lastKnownFileType = file.sks; path = Long_Section.sks; sourceTree = "<group>"; };
		A07594441C7AEE80005FF82F /* Door_Section.sks */ = {isa = PBXFileReference; lastKnownFileType = file.sks; path = Door_Section.sks; sourceTree = "<group>"; };
		A07594461C7AEE88005FF82F /* Down_Section.sks */ = {isa = PBXFileReference; lastKnownFileType = file.sks; path = Down_Section.sks; sourceTree = "<group>"; };
		A075944E1C7AEEAE005FF82F /* BridgeMovingInX_Section.sks */ = {isa = PBXFileReference; lastKnownFileType = file.sks; path = BridgeMovingInX_Section.sks; sourceTree = "<group>"; };
		A07594501C7AEEB7005FF82F /* BridgeMovingInY_Section.sks */ = {isa = PBXFileReference; lastKnownFileType = file.sks; path = BridgeMovingInY_Section.sks; sourceTree = "<group>"; };
		A07594521C7AEEC8005FF82F /* Spring_Section.sks */ = {isa = PBXFileReference; lastKnownFileType = file.sks; path = Spring_Section.sks; sourceTree = "<group>"; };
		A07594541C7AEEE3005FF82F /* GameSpriteNode.swift */ = {isa = PBXFileReference; fileEncoding = 4; lastKnownFileType = sourcecode.swift; path = GameSpriteNode.swift; sourceTree = "<group>"; };
		A07594561C7AEF03005FF82F /* Definition.swift */ = {isa = PBXFileReference; fileEncoding = 4; lastKnownFileType = sourcecode.swift; path = Definition.swift; sourceTree = "<group>"; };
		A07594581C7AEF0A005FF82F /* GameState.swift */ = {isa = PBXFileReference; fileEncoding = 4; lastKnownFileType = sourcecode.swift; path = GameState.swift; sourceTree = "<group>"; };
		A075945C1C7AEF43005FF82F /* bg_country.mp3 */ = {isa = PBXFileReference; lastKnownFileType = audio.mp3; path = bg_country.mp3; sourceTree = "<group>"; };
		A075945E1C7AEF43005FF82F /* buttonTouchSound.mp3 */ = {isa = PBXFileReference; lastKnownFileType = audio.mp3; path = buttonTouchSound.mp3; sourceTree = "<group>"; };
		A075945F1C7AEF43005FF82F /* catch_star02.mp3 */ = {isa = PBXFileReference; lastKnownFileType = audio.mp3; path = catch_star02.mp3; sourceTree = "<group>"; };
		A07594611C7AEF43005FF82F /* dieSound.mp3 */ = {isa = PBXFileReference; lastKnownFileType = audio.mp3; path = dieSound.mp3; sourceTree = "<group>"; };
		A07594631C7AEF43005FF82F /* inGame_action_jump.mp3 */ = {isa = PBXFileReference; lastKnownFileType = audio.mp3; path = inGame_action_jump.mp3; sourceTree = "<group>"; };
		A07594691C7AEF43005FF82F /* inGame_event_deathMonster_1.mp3 */ = {isa = PBXFileReference; lastKnownFileType = audio.mp3; path = inGame_event_deathMonster_1.mp3; sourceTree = "<group>"; };
		A075946A1C7AEF43005FF82F /* inGame_event_relayReach.mp3 */ = {isa = PBXFileReference; lastKnownFileType = audio.mp3; path = inGame_event_relayReach.mp3; sourceTree = "<group>"; };
		A075946B1C7AEF43005FF82F /* inGame_function_star.mp3 */ = {isa = PBXFileReference; lastKnownFileType = audio.mp3; path = inGame_function_star.mp3; sourceTree = "<group>"; };
		A075946D1C7AEF43005FF82F /* luoshui.mp3 */ = {isa = PBXFileReference; lastKnownFileType = audio.mp3; path = luoshui.mp3; sourceTree = "<group>"; };
		A075946F1C7AEF43005FF82F /* RainSound.mp3 */ = {isa = PBXFileReference; lastKnownFileType = audio.mp3; path = RainSound.mp3; sourceTree = "<group>"; };
		A07594711C7AEF43005FF82F /* springSound.mp3 */ = {isa = PBXFileReference; lastKnownFileType = audio.mp3; path = springSound.mp3; sourceTree = "<group>"; };
		A075949F1C7AEFC0005FF82F /* PlatfromTextureAlats.swift */ = {isa = PBXFileReference; fileEncoding = 4; lastKnownFileType = sourcecode.swift; name = PlatfromTextureAlats.swift; path = ../PlatfromTextureAlats.swift; sourceTree = "<group>"; };
		A07594A71C7AEFD3005FF82F /* PlatfromTextureAlats.1.png */ = {isa = PBXFileReference; lastKnownFileType = image.png; path = PlatfromTextureAlats.1.png; sourceTree = "<group>"; };
		A07594A81C7AEFD3005FF82F /* PlatfromTextureAlats.plist */ = {isa = PBXFileReference; fileEncoding = 4; lastKnownFileType = text.plist.xml; path = PlatfromTextureAlats.plist; sourceTree = "<group>"; };
		A07594AC1C7AEFE9005FF82F /* star.png */ = {isa = PBXFileReference; lastKnownFileType = image.png; path = star.png; sourceTree = "<group>"; };
		A07594AE1C7AEFF2005FF82F /* pixe.png */ = {isa = PBXFileReference; lastKnownFileType = image.png; path = pixe.png; sourceTree = "<group>"; };
		A07594B01C7AEFF9005FF82F /* Bomb.sks */ = {isa = PBXFileReference; lastKnownFileType = file.sks; path = Bomb.sks; sourceTree = "<group>"; };
		A07594B21C7AF000005FF82F /* Bow.sks */ = {isa = PBXFileReference; lastKnownFileType = file.sks; path = Bow.sks; sourceTree = "<group>"; };
		A07594B41C7AF00E005FF82F /* Meteor.sks */ = {isa = PBXFileReference; lastKnownFileType = file.sks; path = Meteor.sks; sourceTree = "<group>"; };
		A07594B61C7AF014005FF82F /* playerMagic.sks */ = {isa = PBXFileReference; lastKnownFileType = file.sks; path = playerMagic.sks; sourceTree = "<group>"; };
		A07594B81C7AF01D005FF82F /* Rain.sks */ = {isa = PBXFileReference; lastKnownFileType = file.sks; path = Rain.sks; sourceTree = "<group>"; };
		A07594BA1C7AF037005FF82F /* Snow.sks */ = {isa = PBXFileReference; lastKnownFileType = file.sks; path = Snow.sks; sourceTree = "<group>"; };
		A07594BC1C7AF04E005FF82F /* Sparky.sks */ = {isa = PBXFileReference; lastKnownFileType = file.sks; path = Sparky.sks; sourceTree = "<group>"; };
		A07594BF1C7AF094005FF82F /* MyUtils.swift */ = {isa = PBXFileReference; fileEncoding = 4; lastKnownFileType = sourcecode.swift; path = MyUtils.swift; sourceTree = "<group>"; };
		A07594C01C7AF094005FF82F /* SKAction+Extensions.swift */ = {isa = PBXFileReference; fileEncoding = 4; lastKnownFileType = sourcecode.swift; path = "SKAction+Extensions.swift"; sourceTree = "<group>"; };
		A07594C11C7AF094005FF82F /* SKColor+Extensions.swift */ = {isa = PBXFileReference; fileEncoding = 4; lastKnownFileType = sourcecode.swift; path = "SKColor+Extensions.swift"; sourceTree = "<group>"; };
		A07594C21C7AF094005FF82F /* SKEmitterNode+Extras.swift */ = {isa = PBXFileReference; fileEncoding = 4; lastKnownFileType = sourcecode.swift; path = "SKEmitterNode+Extras.swift"; sourceTree = "<group>"; };
		A07594C31C7AF094005FF82F /* SKTAudio.swift */ = {isa = PBXFileReference; fileEncoding = 4; lastKnownFileType = sourcecode.swift; path = SKTAudio.swift; sourceTree = "<group>"; };
		A07594CC1C7AF0B2005FF82F /* PeekPagedViewController.swift */ = {isa = PBXFileReference; fileEncoding = 4; lastKnownFileType = sourcecode.swift; path = PeekPagedViewController.swift; sourceTree = "<group>"; };
		A07594D71C7AF0E9005FF82F /* EasyGameCenter.swift */ = {isa = PBXFileReference; fileEncoding = 4; lastKnownFileType = sourcecode.swift; path = EasyGameCenter.swift; sourceTree = "<group>"; };
		A07594D91C7AF14D005FF82F /* GameKit.framework */ = {isa = PBXFileReference; lastKnownFileType = wrapper.framework; name = GameKit.framework; path = System/Library/Frameworks/GameKit.framework; sourceTree = SDKROOT; };
		A07594DB1C7AF153005FF82F /* iAd.framework */ = {isa = PBXFileReference; lastKnownFileType = wrapper.framework; name = iAd.framework; path = System/Library/Frameworks/iAd.framework; sourceTree = SDKROOT; };
		A076A2F61C8FBA8300250432 /* UnityAds.bundle */ = {isa = PBXFileReference; lastKnownFileType = "wrapper.plug-in"; path = UnityAds.bundle; sourceTree = "<group>"; };
		A076A2F71C8FBA8300250432 /* UnityAds.framework */ = {isa = PBXFileReference; lastKnownFileType = wrapper.framework; path = UnityAds.framework; sourceTree = "<group>"; };
		A076A2FA1C8FBAED00250432 /* StoreKit.framework */ = {isa = PBXFileReference; lastKnownFileType = wrapper.framework; name = StoreKit.framework; path = System/Library/Frameworks/StoreKit.framework; sourceTree = SDKROOT; };
		A076A2FC1C8FBAFD00250432 /* AdSupport.framework */ = {isa = PBXFileReference; lastKnownFileType = wrapper.framework; name = AdSupport.framework; path = System/Library/Frameworks/AdSupport.framework; sourceTree = SDKROOT; };
		A076A2FE1C8FBB1900250432 /* CoreTelephony.framework */ = {isa = PBXFileReference; lastKnownFileType = wrapper.framework; name = CoreTelephony.framework; path = System/Library/Frameworks/CoreTelephony.framework; sourceTree = SDKROOT; };
		A0B313C11C881D8700E0F164 /* spark.png */ = {isa = PBXFileReference; lastKnownFileType = image.png; path = spark.png; sourceTree = "<group>"; };
		A0BB7BFD1C93D69E00B37A96 /* BannerViewController.swift */ = {isa = PBXFileReference; fileEncoding = 4; lastKnownFileType = sourcecode.swift; path = BannerViewController.swift; sourceTree = "<group>"; };
		A0BB7BFE1C93D69E00B37A96 /* InterstitialViewController.swift */ = {isa = PBXFileReference; fileEncoding = 4; lastKnownFileType = sourcecode.swift; path = InterstitialViewController.swift; sourceTree = "<group>"; };
		A0BB7BFF1C93D69E00B37A96 /* MediumRectViewController.swift */ = {isa = PBXFileReference; fileEncoding = 4; lastKnownFileType = sourcecode.swift; path = MediumRectViewController.swift; sourceTree = "<group>"; };
		A0CBF0B51C9EF0C40081B615 /* README */ = {isa = PBXFileReference; fileEncoding = 4; lastKnownFileType = text; path = README; sourceTree = "<group>"; };
		A0FFDDCD1C7C0B1E0014B59D /* GameScene.sks */ = {isa = PBXFileReference; lastKnownFileType = file.sks; path = GameScene.sks; sourceTree = "<group>"; };
/* End PBXFileReference section */

/* Begin PBXFrameworksBuildPhase section */
		A075940A1C7AECBB005FF82F /* Frameworks */ = {
			isa = PBXFrameworksBuildPhase;
			buildActionMask = 2147483647;
			files = (
				A076A2FB1C8FBAED00250432 /* StoreKit.framework in Frameworks */,
				A0BB7C051C93D8A100B37A96 /* iAd.framework in Frameworks */,
				A076A2FF1C8FBB1900250432 /* CoreTelephony.framework in Frameworks */,
				A076A2FD1C8FBAFD00250432 /* AdSupport.framework in Frameworks */,
				A05486A61C86BDD9001EB526 /* GameplayKit.framework in Frameworks */,
				A04AC7411C856D1A0027A83E /* CoreGraphics.framework in Frameworks */,
				A04AC73F1C856CF70027A83E /* UIKit.framework in Frameworks */,
				A07594DA1C7AF14D005FF82F /* GameKit.framework in Frameworks */,
				A076A2F91C8FBA8300250432 /* UnityAds.framework in Frameworks */,
			);
			runOnlyForDeploymentPostprocessing = 0;
		};
/* End PBXFrameworksBuildPhase section */

/* Begin PBXGroup section */
		A01D3BB41C994BEA008CAB60 /* BGSpriteTextureAlats.atlasc */ = {
			isa = PBXGroup;
			children = (
				A01D3BB71C994BEA008CAB60 /* BGSpriteTextureAltas.swift */,
				A01D3BB51C994BEA008CAB60 /* BGSpriteTextureAlats.1.png */,
				A01D3BB61C994BEA008CAB60 /* BGSpriteTextureAlats.plist */,
			);
			path = BGSpriteTextureAlats.atlasc;
			sourceTree = "<group>";
		};
		A07594041C7AECBA005FF82F = {
			isa = PBXGroup;
			children = (
				A076A2FE1C8FBB1900250432 /* CoreTelephony.framework */,
				A076A2FC1C8FBAFD00250432 /* AdSupport.framework */,
				A076A2FA1C8FBAED00250432 /* StoreKit.framework */,
				A076A2F61C8FBA8300250432 /* UnityAds.bundle */,
				A076A2F71C8FBA8300250432 /* UnityAds.framework */,
				A05486A51C86BDD9001EB526 /* GameplayKit.framework */,
				A04AC7401C856D1A0027A83E /* CoreGraphics.framework */,
				A04AC73E1C856CF70027A83E /* UIKit.framework */,
				A07594DB1C7AF153005FF82F /* iAd.framework */,
				A07594D91C7AF14D005FF82F /* GameKit.framework */,
				A075940F1C7AECBB005FF82F /* ChickenJump */,
				A075940E1C7AECBB005FF82F /* Products */,
			);
			sourceTree = "<group>";
		};
		A075940E1C7AECBB005FF82F /* Products */ = {
			isa = PBXGroup;
			children = (
				A075940D1C7AECBB005FF82F /* ChickenJump.app */,
			);
			name = Products;
			sourceTree = "<group>";
		};
		A075940F1C7AECBB005FF82F /* ChickenJump */ = {
			isa = PBXGroup;
			children = (
				A0BB7BFC1C93D66D00B37A96 /* iAd */,
				A07594CB1C7AF0A8005FF82F /* Helper */,
				A08386C91C7AF511008A7502 /* Motion */,
				A08386C81C7AF49C008A7502 /* UI */,
				A08386C71C7AF485008A7502 /* Model */,
				A075945A1C7AEF18005FF82F /* Resources */,
				A075943B1C7AEE49005FF82F /* SceneFiles */,
				A075942F1C7AEE0C005FF82F /* GameScene.swift */,
				A0CBF0B51C9EF0C40081B615 /* README */,
				A075942D1C7AEE03005FF82F /* GameViewController.swift */,
				A075942B1C7AED47005FF82F /* AppDelegate.swift */,
				A07594261C7AECFC005FF82F /* Main.storyboard */,
				A05D694D1CA15EAF00E10961 /* Launch Screen.storyboard */,
				A075941B1C7AECBB005FF82F /* Assets.xcassets */,
				A07594201C7AECBB005FF82F /* Info.plist */,
				A075942A1C7AED47005FF82F /* ChickenJump-Bridging-Header.h */,
			);
			path = ChickenJump;
			sourceTree = "<group>";
		};
		A075943B1C7AEE49005FF82F /* SceneFiles */ = {
			isa = PBXGroup;
			children = (
				A075943C1C7AEE59005FF82F /* Long_Section.sks */,
				A07594441C7AEE80005FF82F /* Door_Section.sks */,
				A07594461C7AEE88005FF82F /* Down_Section.sks */,
				A075944E1C7AEEAE005FF82F /* BridgeMovingInX_Section.sks */,
				A07594501C7AEEB7005FF82F /* BridgeMovingInY_Section.sks */,
				A07594521C7AEEC8005FF82F /* Spring_Section.sks */,
				A059B3901CA1227B00EC679B /* independent.sks */,
				A0FFDDCD1C7C0B1E0014B59D /* GameScene.sks */,
			);
			name = SceneFiles;
			sourceTree = "<group>";
		};
		A075945A1C7AEF18005FF82F /* Resources */ = {
			isa = PBXGroup;
			children = (
				A07594AB1C7AEFE1005FF82F /* Particles */,
				A075949C1C7AEFAD005FF82F /* BGSprite */,
				A075945B1C7AEF22005FF82F /* Sound */,
			);
			name = Resources;
			sourceTree = "<group>";
		};
		A075945B1C7AEF22005FF82F /* Sound */ = {
			isa = PBXGroup;
			children = (
				A03496EB1C818CE50033D1A9 /* chicken.mp3 */,
				A03496E91C818B600033D1A9 /* eagleSound.mp3 */,
				A075945C1C7AEF43005FF82F /* bg_country.mp3 */,
				A075945E1C7AEF43005FF82F /* buttonTouchSound.mp3 */,
				A075945F1C7AEF43005FF82F /* catch_star02.mp3 */,
				A07594611C7AEF43005FF82F /* dieSound.mp3 */,
				A07594631C7AEF43005FF82F /* inGame_action_jump.mp3 */,
				A07594691C7AEF43005FF82F /* inGame_event_deathMonster_1.mp3 */,
				A075946A1C7AEF43005FF82F /* inGame_event_relayReach.mp3 */,
				A075946B1C7AEF43005FF82F /* inGame_function_star.mp3 */,
				A075946D1C7AEF43005FF82F /* luoshui.mp3 */,
				A075946F1C7AEF43005FF82F /* RainSound.mp3 */,
				A07594711C7AEF43005FF82F /* springSound.mp3 */,
				A06C471B1C9D905700815FC6 /* thunderSound.mp3 */,
			);
			name = Sound;
			sourceTree = "<group>";
		};
		A075949C1C7AEFAD005FF82F /* BGSprite */ = {
			isa = PBXGroup;
			children = (
				A01D3BB41C994BEA008CAB60 /* BGSpriteTextureAlats.atlasc */,
				A07594A61C7AEFD3005FF82F /* PlatfromTextureAlats.atlasc */,
			);
			name = BGSprite;
			sourceTree = "<group>";
		};
		A07594A61C7AEFD3005FF82F /* PlatfromTextureAlats.atlasc */ = {
			isa = PBXGroup;
			children = (
				A075949F1C7AEFC0005FF82F /* PlatfromTextureAlats.swift */,
				A07594A71C7AEFD3005FF82F /* PlatfromTextureAlats.1.png */,
				A07594A81C7AEFD3005FF82F /* PlatfromTextureAlats.plist */,
			);
			path = PlatfromTextureAlats.atlasc;
			sourceTree = "<group>";
		};
		A07594AB1C7AEFE1005FF82F /* Particles */ = {
			isa = PBXGroup;
			children = (
				A07594BC1C7AF04E005FF82F /* Sparky.sks */,
				A07594BA1C7AF037005FF82F /* Snow.sks */,
				A07594B81C7AF01D005FF82F /* Rain.sks */,
				A01D3BB21C9939AD008CAB60 /* BGSunshineParticle.sks */,
				A07594B61C7AF014005FF82F /* playerMagic.sks */,
				A0B313C11C881D8700E0F164 /* spark.png */,
				A07594B41C7AF00E005FF82F /* Meteor.sks */,
				A07594AC1C7AEFE9005FF82F /* star.png */,
				A07594B21C7AF000005FF82F /* Bow.sks */,
				A07594B01C7AEFF9005FF82F /* Bomb.sks */,
				A07594AE1C7AEFF2005FF82F /* pixe.png */,
			);
			name = Particles;
			sourceTree = "<group>";
		};
		A07594BE1C7AF058005FF82F /* SKTUtils */ = {
			isa = PBXGroup;
			children = (
				A07594BF1C7AF094005FF82F /* MyUtils.swift */,
				A07594C01C7AF094005FF82F /* SKAction+Extensions.swift */,
				A07594C11C7AF094005FF82F /* SKColor+Extensions.swift */,
				A07594C21C7AF094005FF82F /* SKEmitterNode+Extras.swift */,
				A07594C31C7AF094005FF82F /* SKTAudio.swift */,
				A02F47731C8D215B00919797 /* SKNode+Extensions.swift */,
			);
			name = SKTUtils;
			sourceTree = "<group>";
		};
		A07594CB1C7AF0A8005FF82F /* Helper */ = {
			isa = PBXGroup;
			children = (
				A07594BE1C7AF058005FF82F /* SKTUtils */,
				A07594CC1C7AF0B2005FF82F /* PeekPagedViewController.swift */,
				A07594D71C7AF0E9005FF82F /* EasyGameCenter.swift */,
			);
			name = Helper;
			sourceTree = "<group>";
		};
		A08386C71C7AF485008A7502 /* Model */ = {
			isa = PBXGroup;
			children = (
				A07594561C7AEF03005FF82F /* Definition.swift */,
				A012BD971C7D8D7000E5061D /* GameColor.swift */,
				A07594581C7AEF0A005FF82F /* GameState.swift */,
				A04522261C9A60CE006147A9 /* GameData.swift */,
				A018A2821C7D4263004FF1B2 /* Player.swift */,
				A07594541C7AEEE3005FF82F /* GameSpriteNode.swift */,
			);
			name = Model;
			sourceTree = "<group>";
		};
		A08386C81C7AF49C008A7502 /* UI */ = {
			isa = PBXGroup;
			children = (
				A02F47791C8D2C2400919797 /* LeaderBoardViewController.swift */,
				A07594371C7AEE2F005FF82F /* GamePauseUIViewController.swift */,
				A07594351C7AEE28005FF82F /* SettingsViewController.swift */,
				A07594331C7AEE21005FF82F /* CharactersUIViewController.swift */,
			);
			name = UI;
			sourceTree = "<group>";
		};
		A08386C91C7AF511008A7502 /* Motion */ = {
			isa = PBXGroup;
			children = (
				A07594311C7AEE19005FF82F /* Shake.swift */,
			);
			name = Motion;
			sourceTree = "<group>";
		};
		A0BB7BFC1C93D66D00B37A96 /* iAd */ = {
			isa = PBXGroup;
			children = (
				A0BB7BFD1C93D69E00B37A96 /* BannerViewController.swift */,
				A0BB7BFE1C93D69E00B37A96 /* InterstitialViewController.swift */,
				A0BB7BFF1C93D69E00B37A96 /* MediumRectViewController.swift */,
			);
			name = iAd;
			sourceTree = "<group>";
		};
/* End PBXGroup section */

/* Begin PBXNativeTarget section */
		A075940C1C7AECBB005FF82F /* ChickenJump */ = {
			isa = PBXNativeTarget;
			buildConfigurationList = A07594231C7AECBB005FF82F /* Build configuration list for PBXNativeTarget "ChickenJump" */;
			buildPhases = (
				A07594091C7AECBB005FF82F /* Sources */,
				A075940A1C7AECBB005FF82F /* Frameworks */,
				A075940B1C7AECBB005FF82F /* Resources */,
			);
			buildRules = (
			);
			dependencies = (
			);
			name = ChickenJump;
			productName = ChickenJump;
			productReference = A075940D1C7AECBB005FF82F /* ChickenJump.app */;
			productType = "com.apple.product-type.application";
		};
/* End PBXNativeTarget section */

/* Begin PBXProject section */
		A07594051C7AECBA005FF82F /* Project object */ = {
			isa = PBXProject;
			attributes = {
				LastSwiftUpdateCheck = 0730;
				LastUpgradeCheck = 0730;
				ORGANIZATIONNAME = liudong;
				TargetAttributes = {
					A075940C1C7AECBB005FF82F = {
						CreatedOnToolsVersion = 7.3;
					};
				};
			};
			buildConfigurationList = A07594081C7AECBA005FF82F /* Build configuration list for PBXProject "ChickenJump" */;
			compatibilityVersion = "Xcode 3.2";
			developmentRegion = English;
			hasScannedForEncodings = 0;
			knownRegions = (
				en,
				Base,
			);
			mainGroup = A07594041C7AECBA005FF82F;
			productRefGroup = A075940E1C7AECBB005FF82F /* Products */;
			projectDirPath = "";
			projectRoot = "";
			targets = (
				A075940C1C7AECBB005FF82F /* ChickenJump */,
			);
		};
/* End PBXProject section */

/* Begin PBXResourcesBuildPhase section */
		A075940B1C7AECBB005FF82F /* Resources */ = {
			isa = PBXResourcesBuildPhase;
			buildActionMask = 2147483647;
			files = (
				A0B313C31C881D8700E0F164 /* spark.png in Resources */,
				A07594B71C7AF014005FF82F /* playerMagic.sks in Resources */,
				A07594771C7AEF43005FF82F /* buttonTouchSound.mp3 in Resources */,
				A07594881C7AEF43005FF82F /* RainSound.mp3 in Resources */,
				A07594841C7AEF43005FF82F /* inGame_function_star.mp3 in Resources */,
				A075947C1C7AEF43005FF82F /* inGame_action_jump.mp3 in Resources */,
				A05D694E1CA15EAF00E10961 /* Launch Screen.storyboard in Resources */,
				A07594AF1C7AEFF2005FF82F /* pixe.png in Resources */,
				A0FFDDCE1C7C0B1E0014B59D /* GameScene.sks in Resources */,
				A07594751C7AEF43005FF82F /* bg_country.mp3 in Resources */,
				A07594471C7AEE88005FF82F /* Down_Section.sks in Resources */,
				A075941C1C7AECBB005FF82F /* Assets.xcassets in Resources */,
				A07594A91C7AEFD3005FF82F /* PlatfromTextureAlats.1.png in Resources */,
				A07594B91C7AF01D005FF82F /* Rain.sks in Resources */,
				A07594451C7AEE80005FF82F /* Door_Section.sks in Resources */,
				A07594531C7AEEC8005FF82F /* Spring_Section.sks in Resources */,
				A07594AD1C7AEFE9005FF82F /* star.png in Resources */,
				A07594B51C7AF00E005FF82F /* Meteor.sks in Resources */,
				A01D3BB91C994BEA008CAB60 /* BGSpriteTextureAlats.plist in Resources */,
				A07594271C7AECFC005FF82F /* Main.storyboard in Resources */,
				A07594B11C7AEFF9005FF82F /* Bomb.sks in Resources */,
				A07594BD1C7AF04E005FF82F /* Sparky.sks in Resources */,
				A07594511C7AEEB7005FF82F /* BridgeMovingInY_Section.sks in Resources */,
				A07594AA1C7AEFD3005FF82F /* PlatfromTextureAlats.plist in Resources */,
				A076A2F81C8FBA8300250432 /* UnityAds.bundle in Resources */,
				A06C471C1C9D905700815FC6 /* thunderSound.mp3 in Resources */,
				A075943D1C7AEE59005FF82F /* Long_Section.sks in Resources */,
				A07594781C7AEF43005FF82F /* catch_star02.mp3 in Resources */,
				A075944F1C7AEEAE005FF82F /* BridgeMovingInX_Section.sks in Resources */,
				A059B3911CA1227B00EC679B /* independent.sks in Resources */,
				A07594831C7AEF43005FF82F /* inGame_event_relayReach.mp3 in Resources */,
				A075948A1C7AEF43005FF82F /* springSound.mp3 in Resources */,
				A01D3BB31C9939AD008CAB60 /* BGSunshineParticle.sks in Resources */,
				A07594821C7AEF43005FF82F /* inGame_event_deathMonster_1.mp3 in Resources */,
				A07594861C7AEF43005FF82F /* luoshui.mp3 in Resources */,
				A03496EA1C818B600033D1A9 /* eagleSound.mp3 in Resources */,
				A075947A1C7AEF43005FF82F /* dieSound.mp3 in Resources */,
				A0CBF0B61C9EF0C40081B615 /* README in Resources */,
				A07594B31C7AF000005FF82F /* Bow.sks in Resources */,
				A01D3BB81C994BEA008CAB60 /* BGSpriteTextureAlats.1.png in Resources */,
				A03496EC1C818CE50033D1A9 /* chicken.mp3 in Resources */,
				A07594BB1C7AF037005FF82F /* Snow.sks in Resources */,
			);
			runOnlyForDeploymentPostprocessing = 0;
		};
/* End PBXResourcesBuildPhase section */

/* Begin PBXSourcesBuildPhase section */
		A07594091C7AECBB005FF82F /* Sources */ = {
			isa = PBXSourcesBuildPhase;
			buildActionMask = 2147483647;
			files = (
				A07594341C7AEE21005FF82F /* CharactersUIViewController.swift in Sources */,
				A07594571C7AEF03005FF82F /* Definition.swift in Sources */,
				A07594CD1C7AF0B2005FF82F /* PeekPagedViewController.swift in Sources */,
				A02F477A1C8D2C2400919797 /* LeaderBoardViewController.swift in Sources */,
				A07594381C7AEE2F005FF82F /* GamePauseUIViewController.swift in Sources */,
				A07594301C7AEE0C005FF82F /* GameScene.swift in Sources */,
				A012BD981C7D8D7000E5061D /* GameColor.swift in Sources */,
				A075942E1C7AEE03005FF82F /* GameViewController.swift in Sources */,
				A07594C81C7AF094005FF82F /* SKEmitterNode+Extras.swift in Sources */,
				A01D3BBA1C994BEA008CAB60 /* BGSpriteTextureAltas.swift in Sources */,
				A07594C91C7AF094005FF82F /* SKTAudio.swift in Sources */,
				A018A2831C7D4263004FF1B2 /* Player.swift in Sources */,
				A07594321C7AEE19005FF82F /* Shake.swift in Sources */,
				A075942C1C7AED47005FF82F /* AppDelegate.swift in Sources */,
				A07594A01C7AEFC0005FF82F /* PlatfromTextureAlats.swift in Sources */,
				A07594C61C7AF094005FF82F /* SKAction+Extensions.swift in Sources */,
				A07594C71C7AF094005FF82F /* SKColor+Extensions.swift in Sources */,
				A07594C51C7AF094005FF82F /* MyUtils.swift in Sources */,
				A0BB7C011C93D69E00B37A96 /* BannerViewController.swift in Sources */,
				A0BB7C031C93D69E00B37A96 /* MediumRectViewController.swift in Sources */,
				A0BB7C021C93D69E00B37A96 /* InterstitialViewController.swift in Sources */,
				A07594591C7AEF0A005FF82F /* GameState.swift in Sources */,
				A07594D81C7AF0E9005FF82F /* EasyGameCenter.swift in Sources */,
				A02F47741C8D215B00919797 /* SKNode+Extensions.swift in Sources */,
				A04522271C9A60CE006147A9 /* GameData.swift in Sources */,
				A07594551C7AEEE3005FF82F /* GameSpriteNode.swift in Sources */,
				A07594361C7AEE28005FF82F /* SettingsViewController.swift in Sources */,
			);
			runOnlyForDeploymentPostprocessing = 0;
		};
/* End PBXSourcesBuildPhase section */

/* Begin XCBuildConfiguration section */
		A07594211C7AECBB005FF82F /* Debug */ = {
			isa = XCBuildConfiguration;
			buildSettings = {
				ALWAYS_SEARCH_USER_PATHS = NO;
				CLANG_ANALYZER_NONNULL = YES;
				CLANG_CXX_LANGUAGE_STANDARD = "gnu++0x";
				CLANG_CXX_LIBRARY = "libc++";
				CLANG_ENABLE_MODULES = YES;
				CLANG_ENABLE_OBJC_ARC = YES;
				CLANG_WARN_BOOL_CONVERSION = YES;
				CLANG_WARN_CONSTANT_CONVERSION = YES;
				CLANG_WARN_DIRECT_OBJC_ISA_USAGE = YES_ERROR;
				CLANG_WARN_EMPTY_BODY = YES;
				CLANG_WARN_ENUM_CONVERSION = YES;
				CLANG_WARN_INT_CONVERSION = YES;
				CLANG_WARN_OBJC_ROOT_CLASS = YES_ERROR;
				CLANG_WARN_UNREACHABLE_CODE = YES;
				CLANG_WARN__DUPLICATE_METHOD_MATCH = YES;
				"CODE_SIGN_IDENTITY[sdk=iphoneos*]" = "iPhone Developer: dong liu (S9WB576XWR)";
				COPY_PHASE_STRIP = NO;
				DEBUG_INFORMATION_FORMAT = "dwarf-with-dsym";
				ENABLE_STRICT_OBJC_MSGSEND = YES;
				ENABLE_TESTABILITY = YES;
				GCC_C_LANGUAGE_STANDARD = gnu99;
				GCC_DYNAMIC_NO_PIC = NO;
				GCC_NO_COMMON_BLOCKS = YES;
				GCC_OPTIMIZATION_LEVEL = 0;
				GCC_PREPROCESSOR_DEFINITIONS = (
					"DEBUG=1",
					"$(inherited)",
				);
				GCC_WARN_64_TO_32_BIT_CONVERSION = YES;
				GCC_WARN_ABOUT_RETURN_TYPE = YES_ERROR;
				GCC_WARN_UNDECLARED_SELECTOR = YES;
				GCC_WARN_UNINITIALIZED_AUTOS = YES_AGGRESSIVE;
				GCC_WARN_UNUSED_FUNCTION = YES;
				GCC_WARN_UNUSED_VARIABLE = YES;
				IPHONEOS_DEPLOYMENT_TARGET = 9.3;
				MTL_ENABLE_DEBUG_INFO = YES;
				ONLY_ACTIVE_ARCH = YES;
				SDKROOT = iphoneos;
				SWIFT_OPTIMIZATION_LEVEL = "-Onone";
				TARGETED_DEVICE_FAMILY = "1,2";
			};
			name = Debug;
		};
		A07594221C7AECBB005FF82F /* Release */ = {
			isa = XCBuildConfiguration;
			buildSettings = {
				ALWAYS_SEARCH_USER_PATHS = NO;
				CLANG_ANALYZER_NONNULL = YES;
				CLANG_CXX_LANGUAGE_STANDARD = "gnu++0x";
				CLANG_CXX_LIBRARY = "libc++";
				CLANG_ENABLE_MODULES = YES;
				CLANG_ENABLE_OBJC_ARC = YES;
				CLANG_WARN_BOOL_CONVERSION = YES;
				CLANG_WARN_CONSTANT_CONVERSION = YES;
				CLANG_WARN_DIRECT_OBJC_ISA_USAGE = YES_ERROR;
				CLANG_WARN_EMPTY_BODY = YES;
				CLANG_WARN_ENUM_CONVERSION = YES;
				CLANG_WARN_INT_CONVERSION = YES;
				CLANG_WARN_OBJC_ROOT_CLASS = YES_ERROR;
				CLANG_WARN_UNREACHABLE_CODE = YES;
				CLANG_WARN__DUPLICATE_METHOD_MATCH = YES;
				"CODE_SIGN_IDENTITY[sdk=iphoneos*]" = "iPhone Distribution: dong liu (QK9335G8AK)";
				COPY_PHASE_STRIP = NO;
				DEBUG_INFORMATION_FORMAT = "dwarf-with-dsym";
				ENABLE_NS_ASSERTIONS = NO;
				ENABLE_STRICT_OBJC_MSGSEND = YES;
				GCC_C_LANGUAGE_STANDARD = gnu99;
				GCC_NO_COMMON_BLOCKS = YES;
				GCC_WARN_64_TO_32_BIT_CONVERSION = YES;
				GCC_WARN_ABOUT_RETURN_TYPE = YES_ERROR;
				GCC_WARN_UNDECLARED_SELECTOR = YES;
				GCC_WARN_UNINITIALIZED_AUTOS = YES_AGGRESSIVE;
				GCC_WARN_UNUSED_FUNCTION = YES;
				GCC_WARN_UNUSED_VARIABLE = YES;
				IPHONEOS_DEPLOYMENT_TARGET = 9.3;
				MTL_ENABLE_DEBUG_INFO = NO;
				SDKROOT = iphoneos;
				TARGETED_DEVICE_FAMILY = "1,2";
				VALIDATE_PRODUCT = YES;
			};
			name = Release;
		};
		A07594241C7AECBB005FF82F /* Debug */ = {
			isa = XCBuildConfiguration;
			buildSettings = {
				ASSETCATALOG_COMPILER_APPICON_NAME = AppIcon;
				CLANG_ENABLE_MODULES = YES;
				CODE_SIGN_IDENTITY = "iPhone Developer: dong liu (S9WB576XWR)";
				FRAMEWORK_SEARCH_PATHS = (
					"$(inherited)",
					"$(PROJECT_DIR)",
				);
				INFOPLIST_FILE = ChickenJump/Info.plist;
				IPHONEOS_DEPLOYMENT_TARGET = 9.0;
				LD_RUNPATH_SEARCH_PATHS = "$(inherited) @executable_path/Frameworks";
				LIBRARY_SEARCH_PATHS = (
					"$(inherited)",
					"$(PROJECT_DIR)/ChickenJump",
				);
				PRODUCT_BUNDLE_IDENTIFIER = com.liudong.tagsappTestlight;
				PRODUCT_NAME = "$(TARGET_NAME)";
				PROVISIONING_PROFILE = "fd16ab7f-1335-4801-a94c-bd576beb68b2";
				SWIFT_OBJC_BRIDGING_HEADER = "ChickenJump/ChickenJump-Bridging-Header.h";
				SWIFT_OPTIMIZATION_LEVEL = "-Onone";
				TARGETED_DEVICE_FAMILY = "1,2";
			};
			name = Debug;
		};
		A07594251C7AECBB005FF82F /* Release */ = {
			isa = XCBuildConfiguration;
			buildSettings = {
				ASSETCATALOG_COMPILER_APPICON_NAME = AppIcon;
				CLANG_ENABLE_MODULES = YES;
				CODE_SIGN_IDENTITY = "iPhone Distribution: dong liu (QK9335G8AK)";
				FRAMEWORK_SEARCH_PATHS = (
					"$(inherited)",
					"$(PROJECT_DIR)",
				);
				INFOPLIST_FILE = ChickenJump/Info.plist;
				IPHONEOS_DEPLOYMENT_TARGET = 9.0;
				LD_RUNPATH_SEARCH_PATHS = "$(inherited) @executable_path/Frameworks";
				LIBRARY_SEARCH_PATHS = (
					"$(inherited)",
					"$(PROJECT_DIR)/ChickenJump",
				);
				PRODUCT_BUNDLE_IDENTIFIER = com.liudong.tagsappTestlight;
				PRODUCT_NAME = "$(TARGET_NAME)";
				PROVISIONING_PROFILE = "9044dd5a-11cb-4d10-a35a-1db34f55bd96";
				SWIFT_OBJC_BRIDGING_HEADER = "ChickenJump/ChickenJump-Bridging-Header.h";
				TARGETED_DEVICE_FAMILY = "1,2";
			};
			name = Release;
		};
/* End XCBuildConfiguration section */

/* Begin XCConfigurationList section */
		A07594081C7AECBA005FF82F /* Build configuration list for PBXProject "ChickenJump" */ = {
			isa = XCConfigurationList;
			buildConfigurations = (
				A07594211C7AECBB005FF82F /* Debug */,
				A07594221C7AECBB005FF82F /* Release */,
			);
			defaultConfigurationIsVisible = 0;
			defaultConfigurationName = Release;
		};
		A07594231C7AECBB005FF82F /* Build configuration list for PBXNativeTarget "ChickenJump" */ = {
			isa = XCConfigurationList;
			buildConfigurations = (
				A07594241C7AECBB005FF82F /* Debug */,
				A07594251C7AECBB005FF82F /* Release */,
			);
			defaultConfigurationIsVisible = 0;
			defaultConfigurationName = Release;
		};
/* End XCConfigurationList section */
	};
	rootObject = A07594051C7AECBA005FF82F /* Project object */;
}
